# This file is automatically @generated by Cargo.
# It is not intended for manual editing.
version = 4

[[package]]
name = "pgr-agent"
version = "0.1.0"
dependencies = [
 "pgr-core",
]

[[package]]
name = "pgr-cli"
version = "0.1.0"
dependencies = [
 "pgr-agent",
 "pgr-core",
 "pgr-display",
 "pgr-input",
 "pgr-keys",
 "pgr-search",
 "pgr-syntax",
]

[[package]]
name = "pgr-core"
version = "0.1.0"

[[package]]
name = "pgr-display"
version = "0.1.0"
dependencies = [
 "pgr-core",
]

[[package]]
name = "pgr-input"
version = "0.1.0"
dependencies = [
 "pgr-core",
]

[[package]]
name = "pgr-keys"
version = "0.1.0"
dependencies = [
 "pgr-core",
]

[[package]]
name = "pgr-search"
version = "0.1.0"
dependencies = [
 "pgr-core",
]

[[package]]
name = "pgr-syntax"
version = "0.1.0"
dependencies = [
 "pgr-core",
]
